
Microsoft Visual Studio Solution File, Format Version 12.00
# Visual Studio Version 17
VisualStudioVersion = 17.7.34024.191
MinimumVisualStudioVersion = 10.0.40219.1
Project("{9A19103F-16F7-4668-BE54-9A1E7A4F7556}") = "Lab1", "Lab1\Lab1.csproj", "{384C5818-3453-4211-9768-6E28ED31BF59}"
EndProject
Project("{9A19103F-16F7-4668-BE54-9A1E7A4F7556}") = "Lab2", "Lab2\Lab2.csproj", "{B241912F-1493-4F4C-BDDE-CEEBCC5E226C}"
EndProject
Project("{9A19103F-16F7-4668-BE54-9A1E7A4F7556}") = "CalculatorLib", "CalculatorLib\CalculatorLib.csproj", "{C32371A7-4697-4512-8A0F-F34943A78A90}"
EndProject
Project("{9A19103F-16F7-4668-BE54-9A1E7A4F7556}") = "Lab3", "Lab3\Lab3.csproj", "{76FD499C-20DA-4D78-B2F6-D060C47C0A5D}"
EndProject
Project("{9A19103F-16F7-4668-BE54-9A1E7A4F7556}") = "Lab4", "Lab4\Lab4.csproj", "{05235955-0242-4688-A830-79E1FA0186F9}"
EndProject
Project("{FAE04EC0-301F-11D3-BF4B-00C04F79EFBC}") = "Lab6", "Lab6\Lab6.csproj", "{098A66A1-E48C-4562-9C9E-599A272FA386}"
EndProject
Global
	GlobalSection(SolutionConfigurationPlatforms) = preSolution
		Debug|Any CPU = Debug|Any CPU
		Release|Any CPU = Release|Any CPU
	EndGlobalSection
	GlobalSection(ProjectConfigurationPlatforms) = postSolution
		{384C5818-3453-4211-9768-6E28ED31BF59}.Debug|Any CPU.ActiveCfg = Debug|Any CPU
		{384C5818-3453-4211-9768-6E28ED31BF59}.Debug|Any CPU.Build.0 = Debug|Any CPU
		{384C5818-3453-4211-9768-6E28ED31BF59}.Release|Any CPU.ActiveCfg = Release|Any CPU
		{384C5818-3453-4211-9768-6E28ED31BF59}.Release|Any CPU.Build.0 = Release|Any CPU
		{B241912F-1493-4F4C-BDDE-CEEBCC5E226C}.Debug|Any CPU.ActiveCfg = Debug|Any CPU
		{B241912F-1493-4F4C-BDDE-CEEBCC5E226C}.Debug|Any CPU.Build.0 = Debug|Any CPU
		{B241912F-1493-4F4C-BDDE-CEEBCC5E226C}.Release|Any CPU.ActiveCfg = Release|Any CPU
		{B241912F-1493-4F4C-BDDE-CEEBCC5E226C}.Release|Any CPU.Build.0 = Release|Any CPU
		{C32371A7-4697-4512-8A0F-F34943A78A90}.Debug|Any CPU.ActiveCfg = Debug|Any CPU
		{C32371A7-4697-4512-8A0F-F34943A78A90}.Debug|Any CPU.Build.0 = Debug|Any CPU
		{C32371A7-4697-4512-8A0F-F34943A78A90}.Release|Any CPU.ActiveCfg = Release|Any CPU
		{C32371A7-4697-4512-8A0F-F34943A78A90}.Release|Any CPU.Build.0 = Release|Any CPU
		{76FD499C-20DA-4D78-B2F6-D060C47C0A5D}.Debug|Any CPU.ActiveCfg = Debug|Any CPU
		{76FD499C-20DA-4D78-B2F6-D060C47C0A5D}.Debug|Any CPU.Build.0 = Debug|Any CPU
		{76FD499C-20DA-4D78-B2F6-D060C47C0A5D}.Debug|Any CPU.Deploy.0 = Debug|Any CPU
		{76FD499C-20DA-4D78-B2F6-D060C47C0A5D}.Release|Any CPU.ActiveCfg = Release|Any CPU
		{76FD499C-20DA-4D78-B2F6-D060C47C0A5D}.Release|Any CPU.Build.0 = Release|Any CPU
		{05235955-0242-4688-A830-79E1FA0186F9}.Debug|Any CPU.ActiveCfg = Debug|Any CPU
		{05235955-0242-4688-A830-79E1FA0186F9}.Debug|Any CPU.Build.0 = Debug|Any CPU
		{05235955-0242-4688-A830-79E1FA0186F9}.Debug|Any CPU.Deploy.0 = Debug|Any CPU
		{05235955-0242-4688-A830-79E1FA0186F9}.Release|Any CPU.ActiveCfg = Release|Any CPU
		{05235955-0242-4688-A830-79E1FA0186F9}.Release|Any CPU.Build.0 = Release|Any CPU
		{05235955-0242-4688-A830-79E1FA0186F9}.Release|Any CPU.Deploy.0 = Release|Any CPU
		{098A66A1-E48C-4562-9C9E-599A272FA386}.Debug|Any CPU.ActiveCfg = Debug|Any CPU
		{098A66A1-E48C-4562-9C9E-599A272FA386}.Debug|Any CPU.Build.0 = Debug|Any CPU
		{098A66A1-E48C-4562-9C9E-599A272FA386}.Debug|Any CPU.Deploy.0 = Debug|Any CPU
		{098A66A1-E48C-4562-9C9E-599A272FA386}.Release|Any CPU.ActiveCfg = Release|Any CPU
		{098A66A1-E48C-4562-9C9E-599A272FA386}.Release|Any CPU.Build.0 = Release|Any CPU
		{098A66A1-E48C-4562-9C9E-599A272FA386}.Release|Any CPU.Deploy.0 = Release|Any CPU
	EndGlobalSection
	GlobalSection(SolutionProperties) = preSolution
		HideSolutionNode = FALSE
	EndGlobalSection
	GlobalSection(ExtensibilityGlobals) = postSolution
		SolutionGuid = {8CF9E2FD-158D-497D-876C-EBF33A9E18FA}
	EndGlobalSection
EndGlobal
